
Microsoft Visual Studio Solution File, Format Version 12.00
# Visual Studio Version 16
VisualStudioVersion = 16.0.28917.181
MinimumVisualStudioVersion = 10.0.40219.1
Project("{9A19103F-16F7-4668-BE54-9A1E7A4F7556}") = "Volunteer.BLModels", "BusinessLogic\Volunteer.BLModels\Volunteer.BLModels.csproj", "{62DB4852-F017-40FC-BFF9-12EE2F68ADDF}"
EndProject
Project("{2150E333-8FDC-42A3-9474-1A3956D46DE8}") = "BusinessLogic", "BusinessLogic", "{A358557A-CCB0-4E7F-97EE-31F5650FA93B}"
EndProject
Global
	GlobalSection(SolutionConfigurationPlatforms) = preSolution
		Debug|Any CPU = Debug|Any CPU
		Release|Any CPU = Release|Any CPU
	EndGlobalSection
	GlobalSection(ProjectConfigurationPlatforms) = postSolution
		{62DB4852-F017-40FC-BFF9-12EE2F68ADDF}.Debug|Any CPU.ActiveCfg = Debug|Any CPU
		{62DB4852-F017-40FC-BFF9-12EE2F68ADDF}.Debug|Any CPU.Build.0 = Debug|Any CPU
		{62DB4852-F017-40FC-BFF9-12EE2F68ADDF}.Release|Any CPU.ActiveCfg = Release|Any CPU
		{62DB4852-F017-40FC-BFF9-12EE2F68ADDF}.Release|Any CPU.Build.0 = Release|Any CPU
	EndGlobalSection
	GlobalSection(SolutionProperties) = preSolution
		HideSolutionNode = FALSE
	EndGlobalSection
	GlobalSection(NestedProjects) = preSolution
		{62DB4852-F017-40FC-BFF9-12EE2F68ADDF} = {A358557A-CCB0-4E7F-97EE-31F5650FA93B}
	EndGlobalSection
	GlobalSection(ExtensibilityGlobals) = postSolution
		SolutionGuid = {434BA4C3-2F92-457E-9D1F-7724A5BA279D}
	EndGlobalSection
EndGlobal
