
Microsoft Visual Studio Solution File, Format Version 12.00
# Visual Studio Version 16
VisualStudioVersion = 16.0.28917.181
MinimumVisualStudioVersion = 10.0.40219.1
Project("{9A19103F-16F7-4668-BE54-9A1E7A4F7556}") = "Volunteer.BLModels", "BusinessLogic\Volunteer.BLModels\Volunteer.BLModels.csproj", "{62DB4852-F017-40FC-BFF9-12EE2F68ADDF}"
EndProject
Project("{2150E333-8FDC-42A3-9474-1A3956D46DE8}") = "BusinessLogic", "BusinessLogic", "{A358557A-CCB0-4E7F-97EE-31F5650FA93B}"
EndProject
Project("{2150E333-8FDC-42A3-9474-1A3956D46DE8}") = "Api", "Api", "{AE649250-DC55-408E-B2B0-F535A99E4E12}"
EndProject
Project("{9A19103F-16F7-4668-BE54-9A1E7A4F7556}") = "Volunteer.Api", "Api\Volunteer.Api\Volunteer.Api.csproj", "{948E69AB-CD97-4AA8-890A-D8BEDDD4C377}"
EndProject
Project("{9A19103F-16F7-4668-BE54-9A1E7A4F7556}") = "Volunteer.MainModule", "BusinessLogic\Volunteer.MainModule\Volunteer.MainModule.csproj", "{7358FB8A-2C90-4B05-9404-F4A7BAA8732B}"
EndProject
Project("{9A19103F-16F7-4668-BE54-9A1E7A4F7556}") = "TempDAL", "ExtentionModules\TempDataManager\TempDAL.csproj", "{BB3F4993-4C5F-4CB5-8A5F-EFCA442372AA}"
EndProject
Project("{2150E333-8FDC-42A3-9474-1A3956D46DE8}") = "ExtentionModules", "ExtentionModules", "{B51CB5F8-072D-4ACB-83F0-B43FA84C9E90}"
EndProject
Project("{2150E333-8FDC-42A3-9474-1A3956D46DE8}") = "Activities", "Activities", "{42CEAE5D-41BC-49E5-82BD-4CCC89ED30C4}"
EndProject
Project("{9A19103F-16F7-4668-BE54-9A1E7A4F7556}") = "Volunteer.Activities.Interactor", "ExtentionModules\Activities\Volunteer.Activities.CommentsInteractor\Volunteer.Activities.Interactor.csproj", "{CEB71322-6BEB-4FF9-A86F-C1B6066CFDD3}"
EndProject
Project("{9A19103F-16F7-4668-BE54-9A1E7A4F7556}") = "Volunteer.Comments", "ExtentionModules\Volunteer.Comments\Volunteer.Comments.csproj", "{312A0B35-A6CB-4905-9003-67E520064579}"
EndProject
Project("{9A19103F-16F7-4668-BE54-9A1E7A4F7556}") = "Volunteer.Activities.DTO", "ExtentionModules\Activities\Volunteer.Activities.DTO\Volunteer.Activities.DTO.csproj", "{213DC05E-2E88-4449-B5DB-70433B1A9EC4}"
EndProject
Project("{9A19103F-16F7-4668-BE54-9A1E7A4F7556}") = "Volunteer.DirtyData", "BusinessLogic\Volunteer.DirtyData\Volunteer.DirtyData.csproj", "{D5B08EBF-DCB6-416E-8585-402A6731365F}"
EndProject
Project("{9A19103F-16F7-4668-BE54-9A1E7A4F7556}") = "Volunteer.DTO", "BusinessLogic\Volunteer.DTO\Volunteer.DTO\Volunteer.DTO.csproj", "{BCC70CEE-0D03-490A-B845-CE9654449955}"
EndProject
Project("{9A19103F-16F7-4668-BE54-9A1E7A4F7556}") = "Volunteer.RatingSystem", "Volunteer.RatingSystem\Volunteer.RatingSystem.csproj", "{1377D20D-74F2-4766-B072-0723D7BA250B}"
EndProject
Project("{9A19103F-16F7-4668-BE54-9A1E7A4F7556}") = "Volunteer.Finances", "Volunteer.Finances\Volunteer.Finances.csproj", "{AD1FB7C8-C39B-44F7-87EB-E19937A9A805}"
EndProject
Project("{9A19103F-16F7-4668-BE54-9A1E7A4F7556}") = "Volunteer.BlockChain", "Volunteer.BlockChain\Volunteer.BlockChain.csproj", "{5416A69C-5A10-4AC6-9DA1-62A2F1B87CCC}"
EndProject
Project("{9A19103F-16F7-4668-BE54-9A1E7A4F7556}") = "Volanteer.BlockchainClient", "Volanteer.BlockchainClient\Volanteer.BlockchainClient.csproj", "{F14E8843-C33A-43D3-9DCA-571277EAE766}"
EndProject
Project("{9A19103F-16F7-4668-BE54-9A1E7A4F7556}") = "Volunteer.Authentity", "ExtentionModules\Volunteer.Authentity\Volunteer.Authentity.csproj", "{D5513921-6CFE-4E6B-B28B-15AA603349E6}"
EndProject
Project("{9A19103F-16F7-4668-BE54-9A1E7A4F7556}") = "Volunteer.Tags", "Volunteer.Tags\Volunteer.Tags.csproj", "{FCD42035-E42A-411B-91BD-7201427F3C2A}"
EndProject
Project("{2150E333-8FDC-42A3-9474-1A3956D46DE8}") = "PublicApi", "PublicApi", "{1B80D43F-4D71-4B76-A4DA-349519AFDE44}"
EndProject
Project("{9A19103F-16F7-4668-BE54-9A1E7A4F7556}") = "Volunteer.PublicApi", "PublicApi\Volunteer.PublicApi\Volunteer.PublicApi.csproj", "{F8134F6B-C616-448F-B881-37EBDFE692C0}"
EndProject
Project("{2150E333-8FDC-42A3-9474-1A3956D46DE8}") = "dobrfDownloader", "dobrfDownloader", "{FE0B9902-226E-4017-9A93-F101B1771B61}"
EndProject
Project("{FAE04EC0-301F-11D3-BF4B-00C04F79EFBC}") = "DobrfDownloadModule", "dobrfDownloader\DobrfDownloadModule\DobrfDownloadModule.csproj", "{69A5CAB1-0FBF-4DBD-B42F-CC4C11BF8AE5}"
EndProject
Global
	GlobalSection(SolutionConfigurationPlatforms) = preSolution
		Debug|Any CPU = Debug|Any CPU
		Release|Any CPU = Release|Any CPU
	EndGlobalSection
	GlobalSection(ProjectConfigurationPlatforms) = postSolution
		{62DB4852-F017-40FC-BFF9-12EE2F68ADDF}.Debug|Any CPU.ActiveCfg = Debug|Any CPU
		{62DB4852-F017-40FC-BFF9-12EE2F68ADDF}.Debug|Any CPU.Build.0 = Debug|Any CPU
		{62DB4852-F017-40FC-BFF9-12EE2F68ADDF}.Release|Any CPU.ActiveCfg = Release|Any CPU
		{62DB4852-F017-40FC-BFF9-12EE2F68ADDF}.Release|Any CPU.Build.0 = Release|Any CPU
		{948E69AB-CD97-4AA8-890A-D8BEDDD4C377}.Debug|Any CPU.ActiveCfg = Debug|Any CPU
		{948E69AB-CD97-4AA8-890A-D8BEDDD4C377}.Debug|Any CPU.Build.0 = Debug|Any CPU
		{948E69AB-CD97-4AA8-890A-D8BEDDD4C377}.Release|Any CPU.ActiveCfg = Release|Any CPU
		{948E69AB-CD97-4AA8-890A-D8BEDDD4C377}.Release|Any CPU.Build.0 = Release|Any CPU
		{7358FB8A-2C90-4B05-9404-F4A7BAA8732B}.Debug|Any CPU.ActiveCfg = Debug|Any CPU
		{7358FB8A-2C90-4B05-9404-F4A7BAA8732B}.Debug|Any CPU.Build.0 = Debug|Any CPU
		{7358FB8A-2C90-4B05-9404-F4A7BAA8732B}.Release|Any CPU.ActiveCfg = Release|Any CPU
		{7358FB8A-2C90-4B05-9404-F4A7BAA8732B}.Release|Any CPU.Build.0 = Release|Any CPU
		{BB3F4993-4C5F-4CB5-8A5F-EFCA442372AA}.Debug|Any CPU.ActiveCfg = Debug|Any CPU
		{BB3F4993-4C5F-4CB5-8A5F-EFCA442372AA}.Debug|Any CPU.Build.0 = Debug|Any CPU
		{BB3F4993-4C5F-4CB5-8A5F-EFCA442372AA}.Release|Any CPU.ActiveCfg = Release|Any CPU
		{BB3F4993-4C5F-4CB5-8A5F-EFCA442372AA}.Release|Any CPU.Build.0 = Release|Any CPU
		{CEB71322-6BEB-4FF9-A86F-C1B6066CFDD3}.Debug|Any CPU.ActiveCfg = Debug|Any CPU
		{CEB71322-6BEB-4FF9-A86F-C1B6066CFDD3}.Debug|Any CPU.Build.0 = Debug|Any CPU
		{CEB71322-6BEB-4FF9-A86F-C1B6066CFDD3}.Release|Any CPU.ActiveCfg = Release|Any CPU
		{CEB71322-6BEB-4FF9-A86F-C1B6066CFDD3}.Release|Any CPU.Build.0 = Release|Any CPU
		{312A0B35-A6CB-4905-9003-67E520064579}.Debug|Any CPU.ActiveCfg = Debug|Any CPU
		{312A0B35-A6CB-4905-9003-67E520064579}.Debug|Any CPU.Build.0 = Debug|Any CPU
		{312A0B35-A6CB-4905-9003-67E520064579}.Release|Any CPU.ActiveCfg = Release|Any CPU
		{312A0B35-A6CB-4905-9003-67E520064579}.Release|Any CPU.Build.0 = Release|Any CPU
		{213DC05E-2E88-4449-B5DB-70433B1A9EC4}.Debug|Any CPU.ActiveCfg = Debug|Any CPU
		{213DC05E-2E88-4449-B5DB-70433B1A9EC4}.Debug|Any CPU.Build.0 = Debug|Any CPU
		{213DC05E-2E88-4449-B5DB-70433B1A9EC4}.Release|Any CPU.ActiveCfg = Release|Any CPU
		{213DC05E-2E88-4449-B5DB-70433B1A9EC4}.Release|Any CPU.Build.0 = Release|Any CPU
		{D5B08EBF-DCB6-416E-8585-402A6731365F}.Debug|Any CPU.ActiveCfg = Debug|Any CPU
		{D5B08EBF-DCB6-416E-8585-402A6731365F}.Debug|Any CPU.Build.0 = Debug|Any CPU
		{D5B08EBF-DCB6-416E-8585-402A6731365F}.Release|Any CPU.ActiveCfg = Release|Any CPU
		{D5B08EBF-DCB6-416E-8585-402A6731365F}.Release|Any CPU.Build.0 = Release|Any CPU
		{BCC70CEE-0D03-490A-B845-CE9654449955}.Debug|Any CPU.ActiveCfg = Debug|Any CPU
		{BCC70CEE-0D03-490A-B845-CE9654449955}.Debug|Any CPU.Build.0 = Debug|Any CPU
		{BCC70CEE-0D03-490A-B845-CE9654449955}.Release|Any CPU.ActiveCfg = Release|Any CPU
		{BCC70CEE-0D03-490A-B845-CE9654449955}.Release|Any CPU.Build.0 = Release|Any CPU
		{1377D20D-74F2-4766-B072-0723D7BA250B}.Debug|Any CPU.ActiveCfg = Debug|Any CPU
		{1377D20D-74F2-4766-B072-0723D7BA250B}.Debug|Any CPU.Build.0 = Debug|Any CPU
		{1377D20D-74F2-4766-B072-0723D7BA250B}.Release|Any CPU.ActiveCfg = Release|Any CPU
		{1377D20D-74F2-4766-B072-0723D7BA250B}.Release|Any CPU.Build.0 = Release|Any CPU
		{AD1FB7C8-C39B-44F7-87EB-E19937A9A805}.Debug|Any CPU.ActiveCfg = Debug|Any CPU
		{AD1FB7C8-C39B-44F7-87EB-E19937A9A805}.Debug|Any CPU.Build.0 = Debug|Any CPU
		{AD1FB7C8-C39B-44F7-87EB-E19937A9A805}.Release|Any CPU.ActiveCfg = Release|Any CPU
		{AD1FB7C8-C39B-44F7-87EB-E19937A9A805}.Release|Any CPU.Build.0 = Release|Any CPU
		{5416A69C-5A10-4AC6-9DA1-62A2F1B87CCC}.Debug|Any CPU.ActiveCfg = Debug|Any CPU
		{5416A69C-5A10-4AC6-9DA1-62A2F1B87CCC}.Debug|Any CPU.Build.0 = Debug|Any CPU
		{5416A69C-5A10-4AC6-9DA1-62A2F1B87CCC}.Release|Any CPU.ActiveCfg = Release|Any CPU
		{5416A69C-5A10-4AC6-9DA1-62A2F1B87CCC}.Release|Any CPU.Build.0 = Release|Any CPU
		{F14E8843-C33A-43D3-9DCA-571277EAE766}.Debug|Any CPU.ActiveCfg = Debug|Any CPU
		{F14E8843-C33A-43D3-9DCA-571277EAE766}.Debug|Any CPU.Build.0 = Debug|Any CPU
		{F14E8843-C33A-43D3-9DCA-571277EAE766}.Release|Any CPU.ActiveCfg = Release|Any CPU
		{F14E8843-C33A-43D3-9DCA-571277EAE766}.Release|Any CPU.Build.0 = Release|Any CPU
		{D5513921-6CFE-4E6B-B28B-15AA603349E6}.Debug|Any CPU.ActiveCfg = Debug|Any CPU
		{D5513921-6CFE-4E6B-B28B-15AA603349E6}.Debug|Any CPU.Build.0 = Debug|Any CPU
		{D5513921-6CFE-4E6B-B28B-15AA603349E6}.Release|Any CPU.ActiveCfg = Release|Any CPU
		{D5513921-6CFE-4E6B-B28B-15AA603349E6}.Release|Any CPU.Build.0 = Release|Any CPU
		{FCD42035-E42A-411B-91BD-7201427F3C2A}.Debug|Any CPU.ActiveCfg = Debug|Any CPU
		{FCD42035-E42A-411B-91BD-7201427F3C2A}.Debug|Any CPU.Build.0 = Debug|Any CPU
		{FCD42035-E42A-411B-91BD-7201427F3C2A}.Release|Any CPU.ActiveCfg = Release|Any CPU
		{FCD42035-E42A-411B-91BD-7201427F3C2A}.Release|Any CPU.Build.0 = Release|Any CPU
		{F8134F6B-C616-448F-B881-37EBDFE692C0}.Debug|Any CPU.ActiveCfg = Debug|Any CPU
		{F8134F6B-C616-448F-B881-37EBDFE692C0}.Debug|Any CPU.Build.0 = Debug|Any CPU
		{F8134F6B-C616-448F-B881-37EBDFE692C0}.Release|Any CPU.ActiveCfg = Release|Any CPU
		{F8134F6B-C616-448F-B881-37EBDFE692C0}.Release|Any CPU.Build.0 = Release|Any CPU
		{69A5CAB1-0FBF-4DBD-B42F-CC4C11BF8AE5}.Debug|Any CPU.ActiveCfg = Debug|Any CPU
		{69A5CAB1-0FBF-4DBD-B42F-CC4C11BF8AE5}.Debug|Any CPU.Build.0 = Debug|Any CPU
		{69A5CAB1-0FBF-4DBD-B42F-CC4C11BF8AE5}.Release|Any CPU.ActiveCfg = Release|Any CPU
		{69A5CAB1-0FBF-4DBD-B42F-CC4C11BF8AE5}.Release|Any CPU.Build.0 = Release|Any CPU
	EndGlobalSection
	GlobalSection(SolutionProperties) = preSolution
		HideSolutionNode = FALSE
	EndGlobalSection
	GlobalSection(NestedProjects) = preSolution
		{62DB4852-F017-40FC-BFF9-12EE2F68ADDF} = {A358557A-CCB0-4E7F-97EE-31F5650FA93B}
		{948E69AB-CD97-4AA8-890A-D8BEDDD4C377} = {AE649250-DC55-408E-B2B0-F535A99E4E12}
		{7358FB8A-2C90-4B05-9404-F4A7BAA8732B} = {A358557A-CCB0-4E7F-97EE-31F5650FA93B}
		{BB3F4993-4C5F-4CB5-8A5F-EFCA442372AA} = {B51CB5F8-072D-4ACB-83F0-B43FA84C9E90}
		{42CEAE5D-41BC-49E5-82BD-4CCC89ED30C4} = {B51CB5F8-072D-4ACB-83F0-B43FA84C9E90}
		{CEB71322-6BEB-4FF9-A86F-C1B6066CFDD3} = {42CEAE5D-41BC-49E5-82BD-4CCC89ED30C4}
		{312A0B35-A6CB-4905-9003-67E520064579} = {B51CB5F8-072D-4ACB-83F0-B43FA84C9E90}
		{213DC05E-2E88-4449-B5DB-70433B1A9EC4} = {42CEAE5D-41BC-49E5-82BD-4CCC89ED30C4}
		{D5B08EBF-DCB6-416E-8585-402A6731365F} = {A358557A-CCB0-4E7F-97EE-31F5650FA93B}
		{BCC70CEE-0D03-490A-B845-CE9654449955} = {A358557A-CCB0-4E7F-97EE-31F5650FA93B}
		{1377D20D-74F2-4766-B072-0723D7BA250B} = {A358557A-CCB0-4E7F-97EE-31F5650FA93B}
		{AD1FB7C8-C39B-44F7-87EB-E19937A9A805} = {B51CB5F8-072D-4ACB-83F0-B43FA84C9E90}
		{5416A69C-5A10-4AC6-9DA1-62A2F1B87CCC} = {B51CB5F8-072D-4ACB-83F0-B43FA84C9E90}
		{F14E8843-C33A-43D3-9DCA-571277EAE766} = {B51CB5F8-072D-4ACB-83F0-B43FA84C9E90}
		{D5513921-6CFE-4E6B-B28B-15AA603349E6} = {B51CB5F8-072D-4ACB-83F0-B43FA84C9E90}
		{FCD42035-E42A-411B-91BD-7201427F3C2A} = {B51CB5F8-072D-4ACB-83F0-B43FA84C9E90}
		{F8134F6B-C616-448F-B881-37EBDFE692C0} = {1B80D43F-4D71-4B76-A4DA-349519AFDE44}
		{69A5CAB1-0FBF-4DBD-B42F-CC4C11BF8AE5} = {FE0B9902-226E-4017-9A93-F101B1771B61}
	EndGlobalSection
	GlobalSection(ExtensibilityGlobals) = postSolution
		SolutionGuid = {434BA4C3-2F92-457E-9D1F-7724A5BA279D}
	EndGlobalSection
EndGlobal
